{
  "version": 4,
  "terraform_version": "1.3.3",
  "serial": 12,
  "lineage": "cae832cd-89db-343d-3949-9aaebd8c9a4f",
  "outputs": {},
  "resources": [
    {
      "mode": "managed",
      "type": "aws_s3_bucket_object",
      "name": "club-events-ui-objects",
      "provider": "provider[\"registry.terraform.io/hashicorp/aws\"]",
      "instances": [
        {
          "index_key": "3rdpartylicenses.txt",
          "schema_version": 0,
          "attributes": {
            "acl": "private",
            "bucket": "club-events-front-end",
            "bucket_key_enabled": false,
            "cache_control": "",
            "content": null,
            "content_base64": null,
            "content_disposition": "",
            "content_encoding": "",
            "content_language": "",
            "content_type": "text/plain",
            "etag": "6e73f92ce62d1afb3c9f93378edb273a",
            "force_destroy": false,
            "id": "3rdpartylicenses.txt",
            "key": "3rdpartylicenses.txt",
            "kms_key_id": null,
            "metadata": null,
            "object_lock_legal_hold_status": "",
            "object_lock_mode": "",
            "object_lock_retain_until_date": "",
            "server_side_encryption": "",
            "source": "../../dist/club-events-ui/3rdpartylicenses.txt",
            "source_hash": null,
            "storage_class": "STANDARD",
            "tags": null,
            "tags_all": {},
            "version_id": "hxT.hJ1l82sgRTYsmfd7ZzHuOH3.WuSD",
            "website_redirect": ""
          },
          "sensitive_attributes": [],
          "private": "bnVsbA=="
        },
        {
          "index_key": "favicon.ico",
          "schema_version": 0,
          "attributes": {
            "acl": "private",
            "bucket": "club-events-front-end",
            "bucket_key_enabled": false,
            "cache_control": "",
            "content": null,
            "content_base64": null,
            "content_disposition": "",
            "content_encoding": "",
            "content_language": "",
            "content_type": "image/x-icon",
            "etag": "1fbdf735a0dd3e8321c5e0828a45a4d5",
            "force_destroy": false,
            "id": "favicon.ico",
            "key": "favicon.ico",
            "kms_key_id": null,
            "metadata": null,
            "object_lock_legal_hold_status": "",
            "object_lock_mode": "",
            "object_lock_retain_until_date": "",
            "server_side_encryption": "",
            "source": "../../dist/club-events-ui/favicon.ico",
            "source_hash": null,
            "storage_class": "STANDARD",
            "tags": null,
            "tags_all": {},
            "version_id": "0XotRu4k3GNqQr9vxVqmYMRSJwl_RmZh",
            "website_redirect": ""
          },
          "sensitive_attributes": [],
          "private": "bnVsbA=="
        },
        {
          "index_key": "index.html",
          "schema_version": 0,
          "attributes": {
            "acl": "private",
            "bucket": "club-events-front-end",
            "bucket_key_enabled": false,
            "cache_control": "",
            "content": null,
            "content_base64": null,
            "content_disposition": "",
            "content_encoding": "",
            "content_language": "",
            "content_type": "text/html",
            "etag": "a9dc9fa62c889af03848d6d0c237ac2b",
            "force_destroy": false,
            "id": "index.html",
            "key": "index.html",
            "kms_key_id": null,
            "metadata": null,
            "object_lock_legal_hold_status": "",
            "object_lock_mode": "",
            "object_lock_retain_until_date": "",
            "server_side_encryption": "",
            "source": "../../dist/club-events-ui/index.html",
            "source_hash": null,
            "storage_class": "STANDARD",
            "tags": null,
            "tags_all": {},
            "version_id": "w2V8xcWTdolAs_pDtiOYUgBi7SCj6RgN",
            "website_redirect": ""
          },
          "sensitive_attributes": [],
          "private": "bnVsbA=="
        },
        {
          "index_key": "main.094641a1ccea0275.js",
          "schema_version": 0,
          "attributes": {
            "acl": "private",
            "bucket": "club-events-front-end",
            "bucket_key_enabled": false,
            "cache_control": "",
            "content": null,
            "content_base64": null,
            "content_disposition": "",
            "content_encoding": "",
            "content_language": "",
            "content_type": "text/javascript",
            "etag": "4bc438e6ad55ecfc0cfa75f44dcf11f9",
            "force_destroy": false,
            "id": "main.094641a1ccea0275.js",
            "key": "main.094641a1ccea0275.js",
            "kms_key_id": null,
            "metadata": null,
            "object_lock_legal_hold_status": "",
            "object_lock_mode": "",
            "object_lock_retain_until_date": "",
            "server_side_encryption": "",
            "source": "../../dist/club-events-ui/main.094641a1ccea0275.js",
            "source_hash": null,
            "storage_class": "STANDARD",
            "tags": null,
            "tags_all": {},
            "version_id": "null",
            "website_redirect": ""
          },
          "sensitive_attributes": [],
          "private": "bnVsbA=="
        },
        {
          "index_key": "polyfills.47084ad5b8df4288.js",
          "schema_version": 0,
          "attributes": {
            "acl": "private",
            "bucket": "club-events-front-end",
            "bucket_key_enabled": false,
            "cache_control": "",
            "content": null,
            "content_base64": null,
            "content_disposition": "",
            "content_encoding": "",
            "content_language": "",
            "content_type": "text/javascript",
            "etag": "a297133a9bcd708f02c21768af3ff1c9",
            "force_destroy": false,
            "id": "polyfills.47084ad5b8df4288.js",
            "key": "polyfills.47084ad5b8df4288.js",
            "kms_key_id": null,
            "metadata": null,
            "object_lock_legal_hold_status": "",
            "object_lock_mode": "",
            "object_lock_retain_until_date": "",
            "server_side_encryption": "",
            "source": "../../dist/club-events-ui/polyfills.47084ad5b8df4288.js",
            "source_hash": null,
            "storage_class": "STANDARD",
            "tags": null,
            "tags_all": {},
            "version_id": "VfTQ_jkaweWnb7VUdCv1wnOex6673q.c",
            "website_redirect": ""
          },
          "sensitive_attributes": [],
          "private": "bnVsbA=="
        },
        {
          "index_key": "runtime.413a07a833e8d074.js",
          "schema_version": 0,
          "attributes": {
            "acl": "private",
            "bucket": "club-events-front-end",
            "bucket_key_enabled": false,
            "cache_control": "",
            "content": null,
            "content_base64": null,
            "content_disposition": "",
            "content_encoding": "",
            "content_language": "",
            "content_type": "text/javascript",
            "etag": "38cf073ac6eb46f801724b556323849b",
            "force_destroy": false,
            "id": "runtime.413a07a833e8d074.js",
            "key": "runtime.413a07a833e8d074.js",
            "kms_key_id": null,
            "metadata": null,
            "object_lock_legal_hold_status": "",
            "object_lock_mode": "",
            "object_lock_retain_until_date": "",
            "server_side_encryption": "",
            "source": "../../dist/club-events-ui/runtime.413a07a833e8d074.js",
            "source_hash": null,
            "storage_class": "STANDARD",
            "tags": null,
            "tags_all": {},
            "version_id": "ng8ZtIoTqAdXU.YN9XgANHw4ez1kT.56",
            "website_redirect": ""
          },
          "sensitive_attributes": [],
          "private": "bnVsbA=="
        },
        {
          "index_key": "styles.a652f826dd670f5b.css",
          "schema_version": 0,
          "attributes": {
            "acl": "private",
            "bucket": "club-events-front-end",
            "bucket_key_enabled": false,
            "cache_control": "",
            "content": null,
            "content_base64": null,
            "content_disposition": "",
            "content_encoding": "",
            "content_language": "",
            "content_type": "text/css",
            "etag": "f74591e417b8fd6e646b2ceeddff0703",
            "force_destroy": false,
            "id": "styles.a652f826dd670f5b.css",
            "key": "styles.a652f826dd670f5b.css",
            "kms_key_id": null,
            "metadata": null,
            "object_lock_legal_hold_status": "",
            "object_lock_mode": "",
            "object_lock_retain_until_date": "",
            "server_side_encryption": "",
            "source": "../../dist/club-events-ui/styles.a652f826dd670f5b.css",
            "source_hash": null,
            "storage_class": "STANDARD",
            "tags": null,
            "tags_all": {},
            "version_id": "null",
            "website_redirect": ""
          },
          "sensitive_attributes": [],
          "private": "bnVsbA=="
        }
      ]
    }
  ],
  "check_results": []
}
